
Microsoft Visual Studio Solution File, Format Version 12.00
# Visual Studio Version 17
VisualStudioVersion = 17.0.31903.59
MinimumVisualStudioVersion = 10.0.40219.1
Project("{9A19103F-16F7-4668-BE54-9A1E7A4F7556}") = "API_Cadastro", "API_Cadastro\API_Cadastro.csproj", "{A8AD6C98-EE60-462B-A831-918F571A367D}"
EndProject
Project("{FAE04EC0-301F-11D3-BF4B-00C04F79EFBC}") = "API_CadastroTests1", "API_CadastroTests1\API_CadastroTests1.csproj", "{0A2F93A5-64AD-4D3E-9D10-624C29CD033A}"
EndProject
Global
	GlobalSection(SolutionConfigurationPlatforms) = preSolution
		Debug|Any CPU = Debug|Any CPU
		Release|Any CPU = Release|Any CPU
	EndGlobalSection
	GlobalSection(ProjectConfigurationPlatforms) = postSolution
		{A8AD6C98-EE60-462B-A831-918F571A367D}.Debug|Any CPU.ActiveCfg = Debug|Any CPU
		{A8AD6C98-EE60-462B-A831-918F571A367D}.Debug|Any CPU.Build.0 = Debug|Any CPU
		{A8AD6C98-EE60-462B-A831-918F571A367D}.Release|Any CPU.ActiveCfg = Release|Any CPU
		{A8AD6C98-EE60-462B-A831-918F571A367D}.Release|Any CPU.Build.0 = Release|Any CPU
		{0A2F93A5-64AD-4D3E-9D10-624C29CD033A}.Debug|Any CPU.ActiveCfg = Debug|Any CPU
		{0A2F93A5-64AD-4D3E-9D10-624C29CD033A}.Debug|Any CPU.Build.0 = Debug|Any CPU
		{0A2F93A5-64AD-4D3E-9D10-624C29CD033A}.Release|Any CPU.ActiveCfg = Release|Any CPU
		{0A2F93A5-64AD-4D3E-9D10-624C29CD033A}.Release|Any CPU.Build.0 = Release|Any CPU
	EndGlobalSection
	GlobalSection(SolutionProperties) = preSolution
		HideSolutionNode = FALSE
	EndGlobalSection
	GlobalSection(ExtensibilityGlobals) = postSolution
		SolutionGuid = {14A875DA-B413-4658-BE07-E05CFF987438}
	EndGlobalSection
EndGlobal
